
Microsoft Visual Studio Solution File, Format Version 12.00
# Visual Studio Version 17
VisualStudioVersion = 17.1.32414.318
MinimumVisualStudioVersion = 10.0.40219.1
Project("{FAE04EC0-301F-11D3-BF4B-00C04F79EFBC}") = "FinalProject", "FinalProject\FinalProject.csproj", "{F19D8EAC-0F9C-447E-B23A-43DFC0E561D7}"
EndProject
Global
	GlobalSection(SolutionConfigurationPlatforms) = preSolution
		Debug|Any CPU = Debug|Any CPU
		Release|Any CPU = Release|Any CPU
	EndGlobalSection
	GlobalSection(ProjectConfigurationPlatforms) = postSolution
		{F19D8EAC-0F9C-447E-B23A-43DFC0E561D7}.Debug|Any CPU.ActiveCfg = Debug|Any CPU
		{F19D8EAC-0F9C-447E-B23A-43DFC0E561D7}.Debug|Any CPU.Build.0 = Debug|Any CPU
		{F19D8EAC-0F9C-447E-B23A-43DFC0E561D7}.Release|Any CPU.ActiveCfg = Release|Any CPU
		{F19D8EAC-0F9C-447E-B23A-43DFC0E561D7}.Release|Any CPU.Build.0 = Release|Any CPU
	EndGlobalSection
	GlobalSection(SolutionProperties) = preSolution
		HideSolutionNode = FALSE
	EndGlobalSection
	GlobalSection(ExtensibilityGlobals) = postSolution
		SolutionGuid = {A17407CC-67F4-4A71-B604-A6EF164D3CD6}
	EndGlobalSection
EndGlobal
